<Solution>
  <Folder Name="/src/">
    <Project Path="src/Gimbur.Cli/Gimbur.Cli.csproj" />
    <Project Path="src/Kjarni/Kjarni.fsproj" />
    <Project Path="src/Gimbur/Gimbur.csproj" />
  </Folder>
  <Folder Name="/tests/">
    <Project Path="tests/Gimbur.Rules.Tests/Gimbur.Rules.Tests.csproj" />
  </Folder>
  <Folder Name="/tests/Kjarni.Tests/">
    <Project Path="tests/Kjarni.Tests/Kjarni.Test.fsproj" />
  </Folder>
</Solution>
